
Microsoft Visual Studio Solution File, Format Version 12.00
# Visual Studio Version 16
VisualStudioVersion = 16.0.30621.155
MinimumVisualStudioVersion = 10.0.40219.1
Project("{FAE04EC0-301F-11D3-BF4B-00C04F79EFBC}") = "GestionReclamosRemastered.Core", "GestionReclamosRemastered.Core\GestionReclamosRemastered.Core.csproj", "{284B6B72-2842-40DF-84AB-848E5216FE3A}"
EndProject
Project("{FAE04EC0-301F-11D3-BF4B-00C04F79EFBC}") = "GestionReclamosRemastered.Infrastructure", "GestionReclamosRemastered.Infrastructure\GestionReclamosRemastered.Infrastructure.csproj", "{0FA492D2-E3DF-4C96-B5B5-2F6572B981AD}"
EndProject
Project("{FAE04EC0-301F-11D3-BF4B-00C04F79EFBC}") = "GestionReclamosRemastered.API", "GestionReclamosRemastered.API\GestionReclamosRemastered.API.csproj", "{7B9576D0-1F30-4C6F-B683-F4B107751B21}"
EndProject
Global
	GlobalSection(SolutionConfigurationPlatforms) = preSolution
		Debug|Any CPU = Debug|Any CPU
		Release|Any CPU = Release|Any CPU
	EndGlobalSection
	GlobalSection(ProjectConfigurationPlatforms) = postSolution
		{284B6B72-2842-40DF-84AB-848E5216FE3A}.Debug|Any CPU.ActiveCfg = Debug|Any CPU
		{284B6B72-2842-40DF-84AB-848E5216FE3A}.Debug|Any CPU.Build.0 = Debug|Any CPU
		{284B6B72-2842-40DF-84AB-848E5216FE3A}.Release|Any CPU.ActiveCfg = Release|Any CPU
		{284B6B72-2842-40DF-84AB-848E5216FE3A}.Release|Any CPU.Build.0 = Release|Any CPU
		{0FA492D2-E3DF-4C96-B5B5-2F6572B981AD}.Debug|Any CPU.ActiveCfg = Debug|Any CPU
		{0FA492D2-E3DF-4C96-B5B5-2F6572B981AD}.Debug|Any CPU.Build.0 = Debug|Any CPU
		{0FA492D2-E3DF-4C96-B5B5-2F6572B981AD}.Release|Any CPU.ActiveCfg = Release|Any CPU
		{0FA492D2-E3DF-4C96-B5B5-2F6572B981AD}.Release|Any CPU.Build.0 = Release|Any CPU
		{7B9576D0-1F30-4C6F-B683-F4B107751B21}.Debug|Any CPU.ActiveCfg = Debug|Any CPU
		{7B9576D0-1F30-4C6F-B683-F4B107751B21}.Debug|Any CPU.Build.0 = Debug|Any CPU
		{7B9576D0-1F30-4C6F-B683-F4B107751B21}.Release|Any CPU.ActiveCfg = Release|Any CPU
		{7B9576D0-1F30-4C6F-B683-F4B107751B21}.Release|Any CPU.Build.0 = Release|Any CPU
	EndGlobalSection
	GlobalSection(SolutionProperties) = preSolution
		HideSolutionNode = FALSE
	EndGlobalSection
	GlobalSection(ExtensibilityGlobals) = postSolution
		SolutionGuid = {B54F2D1C-298E-49B4-B4AF-557D3EACA855}
	EndGlobalSection
EndGlobal
